
Microsoft Visual Studio Solution File, Format Version 12.00
# Visual Studio Version 17
VisualStudioVersion = 17.7.34221.43
MinimumVisualStudioVersion = 10.0.40219.1
Project("{FAE04EC0-301F-11D3-BF4B-00C04F79EFBC}") = "Telegram Bot _ Api Hook", "Telegram Bot _ Api Hook.csproj", "{B44A4B77-25EA-46AE-9803-BD3BC3453F78}"
EndProject
Global
	GlobalSection(SolutionConfigurationPlatforms) = preSolution
		Debug|Any CPU = Debug|Any CPU
		Release|Any CPU = Release|Any CPU
	EndGlobalSection
	GlobalSection(ProjectConfigurationPlatforms) = postSolution
		{B44A4B77-25EA-46AE-9803-BD3BC3453F78}.Debug|Any CPU.ActiveCfg = Debug|Any CPU
		{B44A4B77-25EA-46AE-9803-BD3BC3453F78}.Debug|Any CPU.Build.0 = Debug|Any CPU
		{B44A4B77-25EA-46AE-9803-BD3BC3453F78}.Release|Any CPU.ActiveCfg = Release|Any CPU
		{B44A4B77-25EA-46AE-9803-BD3BC3453F78}.Release|Any CPU.Build.0 = Release|Any CPU
	EndGlobalSection
	GlobalSection(SolutionProperties) = preSolution
		HideSolutionNode = FALSE
	EndGlobalSection
	GlobalSection(ExtensibilityGlobals) = postSolution
		SolutionGuid = {EAD912A3-006C-4608-9E84-8BF67DCCF371}
	EndGlobalSection
EndGlobal
